// !$*UTF8*$!
{
	archiveVersion = 1;
	classes = {
	};
	objectVersion = 50;
	objects = {

/* Begin PBXBuildFile section */
		4116776824D4A9D700F1B1DD /* AppDelegate.swift in Sources */ = {isa = PBXBuildFile; fileRef = 4116776724D4A9D700F1B1DD /* AppDelegate.swift */; };
		4116776A24D4A9D700F1B1DD /* SceneDelegate.swift in Sources */ = {isa = PBXBuildFile; fileRef = 4116776924D4A9D700F1B1DD /* SceneDelegate.swift */; };
		4116776C24D4A9D700F1B1DD /* ViewController.swift in Sources */ = {isa = PBXBuildFile; fileRef = 4116776B24D4A9D700F1B1DD /* ViewController.swift */; };
		4116776F24D4A9D700F1B1DD /* Main.storyboard in Resources */ = {isa = PBXBuildFile; fileRef = 4116776D24D4A9D700F1B1DD /* Main.storyboard */; };
		4116777124D4A9DB00F1B1DD /* Assets.xcassets in Resources */ = {isa = PBXBuildFile; fileRef = 4116777024D4A9DB00F1B1DD /* Assets.xcassets */; };
		4116777424D4A9DB00F1B1DD /* LaunchScreen.storyboard in Resources */ = {isa = PBXBuildFile; fileRef = 4116777224D4A9DB00F1B1DD /* LaunchScreen.storyboard */; };
		4116777F24D4A9DC00F1B1DD /* RickAndMortyTests.swift in Sources */ = {isa = PBXBuildFile; fileRef = 4116777E24D4A9DC00F1B1DD /* RickAndMortyTests.swift */; };
		4116778A24D4AA2700F1B1DD /* Extensions in Resources */ = {isa = PBXBuildFile; fileRef = 4116778924D4AA2700F1B1DD /* Extensions */; };
		4118204B24D4B69800A8B214 /* CharacterView.swift in Sources */ = {isa = PBXBuildFile; fileRef = 4118204A24D4B69800A8B214 /* CharacterView.swift */; };
		4118204F24D4BB1400A8B214 /* RickAndMortyTabBarContoller.swift in Sources */ = {isa = PBXBuildFile; fileRef = 4118204E24D4BB1400A8B214 /* RickAndMortyTabBarContoller.swift */; };
		4118205124D4BD4600A8B214 /* StartViewController.swift in Sources */ = {isa = PBXBuildFile; fileRef = 4118205024D4BD4600A8B214 /* StartViewController.swift */; };
/* End PBXBuildFile section */

/* Begin PBXContainerItemProxy section */
		4116777B24D4A9DC00F1B1DD /* PBXContainerItemProxy */ = {
			isa = PBXContainerItemProxy;
			containerPortal = 4116775C24D4A9D600F1B1DD /* Project object */;
			proxyType = 1;
			remoteGlobalIDString = 4116776324D4A9D700F1B1DD;
			remoteInfo = RickAndMorty;
		};
/* End PBXContainerItemProxy section */

/* Begin PBXFileReference section */
		4116776424D4A9D700F1B1DD /* RickAndMorty.app */ = {isa = PBXFileReference; explicitFileType = wrapper.application; includeInIndex = 0; path = RickAndMorty.app; sourceTree = BUILT_PRODUCTS_DIR; };
		4116776724D4A9D700F1B1DD /* AppDelegate.swift */ = {isa = PBXFileReference; lastKnownFileType = sourcecode.swift; path = AppDelegate.swift; sourceTree = "<group>"; };
		4116776924D4A9D700F1B1DD /* SceneDelegate.swift */ = {isa = PBXFileReference; lastKnownFileType = sourcecode.swift; path = SceneDelegate.swift; sourceTree = "<group>"; };
		4116776B24D4A9D700F1B1DD /* ViewController.swift */ = {isa = PBXFileReference; lastKnownFileType = sourcecode.swift; path = ViewController.swift; sourceTree = "<group>"; };
		4116776E24D4A9D700F1B1DD /* Base */ = {isa = PBXFileReference; lastKnownFileType = file.storyboard; name = Base; path = Base.lproj/Main.storyboard; sourceTree = "<group>"; };
		4116777024D4A9DB00F1B1DD /* Assets.xcassets */ = {isa = PBXFileReference; lastKnownFileType = folder.assetcatalog; path = Assets.xcassets; sourceTree = "<group>"; };
		4116777324D4A9DB00F1B1DD /* Base */ = {isa = PBXFileReference; lastKnownFileType = file.storyboard; name = Base; path = Base.lproj/LaunchScreen.storyboard; sourceTree = "<group>"; };
		4116777524D4A9DB00F1B1DD /* Info.plist */ = {isa = PBXFileReference; lastKnownFileType = text.plist.xml; path = Info.plist; sourceTree = "<group>"; };
		4116777A24D4A9DB00F1B1DD /* RickAndMortyTests.xctest */ = {isa = PBXFileReference; explicitFileType = wrapper.cfbundle; includeInIndex = 0; path = RickAndMortyTests.xctest; sourceTree = BUILT_PRODUCTS_DIR; };
		4116777E24D4A9DC00F1B1DD /* RickAndMortyTests.swift */ = {isa = PBXFileReference; lastKnownFileType = sourcecode.swift; path = RickAndMortyTests.swift; sourceTree = "<group>"; };
		4116778024D4A9DC00F1B1DD /* Info.plist */ = {isa = PBXFileReference; lastKnownFileType = text.plist.xml; path = Info.plist; sourceTree = "<group>"; };
		4116778924D4AA2700F1B1DD /* Extensions */ = {isa = PBXFileReference; lastKnownFileType = folder; path = Extensions; sourceTree = "<group>"; };
		4118204A24D4B69800A8B214 /* CharacterView.swift */ = {isa = PBXFileReference; lastKnownFileType = sourcecode.swift; path = CharacterView.swift; sourceTree = "<group>"; };
		4118204E24D4BB1400A8B214 /* RickAndMortyTabBarContoller.swift */ = {isa = PBXFileReference; lastKnownFileType = sourcecode.swift; path = RickAndMortyTabBarContoller.swift; sourceTree = "<group>"; };
		4118205024D4BD4600A8B214 /* StartViewController.swift */ = {isa = PBXFileReference; lastKnownFileType = sourcecode.swift; path = StartViewController.swift; sourceTree = "<group>"; };
/* End PBXFileReference section */

/* Begin PBXFrameworksBuildPhase section */
		4116776124D4A9D700F1B1DD /* Frameworks */ = {
			isa = PBXFrameworksBuildPhase;
			buildActionMask = 2147483647;
			files = (
			);
			runOnlyForDeploymentPostprocessing = 0;
		};
		4116777724D4A9DB00F1B1DD /* Frameworks */ = {
			isa = PBXFrameworksBuildPhase;
			buildActionMask = 2147483647;
			files = (
			);
			runOnlyForDeploymentPostprocessing = 0;
		};
/* End PBXFrameworksBuildPhase section */

/* Begin PBXGroup section */
		4116775B24D4A9D600F1B1DD = {
			isa = PBXGroup;
			children = (
				4116776624D4A9D700F1B1DD /* RickAndMorty */,
				4116777D24D4A9DC00F1B1DD /* RickAndMortyTests */,
				4116776524D4A9D700F1B1DD /* Products */,
			);
			sourceTree = "<group>";
		};
		4116776524D4A9D700F1B1DD /* Products */ = {
			isa = PBXGroup;
			children = (
				4116776424D4A9D700F1B1DD /* RickAndMorty.app */,
				4116777A24D4A9DB00F1B1DD /* RickAndMortyTests.xctest */,
			);
			name = Products;
			sourceTree = "<group>";
		};
		4116776624D4A9D700F1B1DD /* RickAndMorty */ = {
			isa = PBXGroup;
			children = (
				4116778924D4AA2700F1B1DD /* Extensions */,
				4118204D24D4BAF000A8B214 /* ViewController */,
				4118204C24D4B69E00A8B214 /* View */,
				4116776724D4A9D700F1B1DD /* AppDelegate.swift */,
				4116776924D4A9D700F1B1DD /* SceneDelegate.swift */,
				4116776D24D4A9D700F1B1DD /* Main.storyboard */,
				4116777024D4A9DB00F1B1DD /* Assets.xcassets */,
				4116777224D4A9DB00F1B1DD /* LaunchScreen.storyboard */,
				4116777524D4A9DB00F1B1DD /* Info.plist */,
			);
			path = RickAndMorty;
			sourceTree = "<group>";
		};
		4116777D24D4A9DC00F1B1DD /* RickAndMortyTests */ = {
			isa = PBXGroup;
			children = (
				4116777E24D4A9DC00F1B1DD /* RickAndMortyTests.swift */,
				4116778024D4A9DC00F1B1DD /* Info.plist */,
			);
			path = RickAndMortyTests;
			sourceTree = "<group>";
		};
		4118204C24D4B69E00A8B214 /* View */ = {
			isa = PBXGroup;
			children = (
				4118204A24D4B69800A8B214 /* CharacterView.swift */,
			);
			path = View;
			sourceTree = "<group>";
		};
		4118204D24D4BAF000A8B214 /* ViewController */ = {
			isa = PBXGroup;
			children = (
				4116776B24D4A9D700F1B1DD /* ViewController.swift */,
				4118204E24D4BB1400A8B214 /* RickAndMortyTabBarContoller.swift */,
				4118205024D4BD4600A8B214 /* StartViewController.swift */,
			);
			path = ViewController;
			sourceTree = "<group>";
		};
/* End PBXGroup section */

/* Begin PBXNativeTarget section */
		4116776324D4A9D700F1B1DD /* RickAndMorty */ = {
			isa = PBXNativeTarget;
			buildConfigurationList = 4116778324D4A9DC00F1B1DD /* Build configuration list for PBXNativeTarget "RickAndMorty" */;
			buildPhases = (
				4116776024D4A9D700F1B1DD /* Sources */,
				4116776124D4A9D700F1B1DD /* Frameworks */,
				4116776224D4A9D700F1B1DD /* Resources */,
			);
			buildRules = (
			);
			dependencies = (
			);
			name = RickAndMorty;
			productName = RickAndMorty;
			productReference = 4116776424D4A9D700F1B1DD /* RickAndMorty.app */;
			productType = "com.apple.product-type.application";
		};
		4116777924D4A9DB00F1B1DD /* RickAndMortyTests */ = {
			isa = PBXNativeTarget;
			buildConfigurationList = 4116778624D4A9DC00F1B1DD /* Build configuration list for PBXNativeTarget "RickAndMortyTests" */;
			buildPhases = (
				4116777624D4A9DB00F1B1DD /* Sources */,
				4116777724D4A9DB00F1B1DD /* Frameworks */,
				4116777824D4A9DB00F1B1DD /* Resources */,
			);
			buildRules = (
			);
			dependencies = (
				4116777C24D4A9DC00F1B1DD /* PBXTargetDependency */,
			);
			name = RickAndMortyTests;
			productName = RickAndMortyTests;
			productReference = 4116777A24D4A9DB00F1B1DD /* RickAndMortyTests.xctest */;
			productType = "com.apple.product-type.bundle.unit-test";
		};
/* End PBXNativeTarget section */

/* Begin PBXProject section */
		4116775C24D4A9D600F1B1DD /* Project object */ = {
			isa = PBXProject;
			attributes = {
				LastSwiftUpdateCheck = 1150;
				LastUpgradeCheck = 1150;
				ORGANIZATIONNAME = "Natália Arantes";
				TargetAttributes = {
					4116776324D4A9D700F1B1DD = {
						CreatedOnToolsVersion = 11.5;
					};
					4116777924D4A9DB00F1B1DD = {
						CreatedOnToolsVersion = 11.5;
						TestTargetID = 4116776324D4A9D700F1B1DD;
					};
				};
			};
			buildConfigurationList = 4116775F24D4A9D600F1B1DD /* Build configuration list for PBXProject "RickAndMorty" */;
			compatibilityVersion = "Xcode 9.3";
			developmentRegion = en;
			hasScannedForEncodings = 0;
			knownRegions = (
				en,
				Base,
			);
			mainGroup = 4116775B24D4A9D600F1B1DD;
			productRefGroup = 4116776524D4A9D700F1B1DD /* Products */;
			projectDirPath = "";
			projectRoot = "";
			targets = (
				4116776324D4A9D700F1B1DD /* RickAndMorty */,
				4116777924D4A9DB00F1B1DD /* RickAndMortyTests */,
			);
		};
/* End PBXProject section */

/* Begin PBXResourcesBuildPhase section */
		4116776224D4A9D700F1B1DD /* Resources */ = {
			isa = PBXResourcesBuildPhase;
			buildActionMask = 2147483647;
			files = (
				4116777424D4A9DB00F1B1DD /* LaunchScreen.storyboard in Resources */,
				4116777124D4A9DB00F1B1DD /* Assets.xcassets in Resources */,
				4116778A24D4AA2700F1B1DD /* Extensions in Resources */,
				4116776F24D4A9D700F1B1DD /* Main.storyboard in Resources */,
			);
			runOnlyForDeploymentPostprocessing = 0;
		};
		4116777824D4A9DB00F1B1DD /* Resources */ = {
			isa = PBXResourcesBuildPhase;
			buildActionMask = 2147483647;
			files = (
			);
			runOnlyForDeploymentPostprocessing = 0;
		};
/* End PBXResourcesBuildPhase section */

/* Begin PBXSourcesBuildPhase section */
		4116776024D4A9D700F1B1DD /* Sources */ = {
			isa = PBXSourcesBuildPhase;
			buildActionMask = 2147483647;
			files = (
				4116776C24D4A9D700F1B1DD /* ViewController.swift in Sources */,
				4118204F24D4BB1400A8B214 /* RickAndMortyTabBarContoller.swift in Sources */,
				4116776824D4A9D700F1B1DD /* AppDelegate.swift in Sources */,
				4116776A24D4A9D700F1B1DD /* SceneDelegate.swift in Sources */,
				4118204B24D4B69800A8B214 /* CharacterView.swift in Sources */,
				4118205124D4BD4600A8B214 /* StartViewController.swift in Sources */,
			);
			runOnlyForDeploymentPostprocessing = 0;
		};
		4116777624D4A9DB00F1B1DD /* Sources */ = {
			isa = PBXSourcesBuildPhase;
			buildActionMask = 2147483647;
			files = (
				4116777F24D4A9DC00F1B1DD /* RickAndMortyTests.swift in Sources */,
			);
			runOnlyForDeploymentPostprocessing = 0;
		};
/* End PBXSourcesBuildPhase section */

/* Begin PBXTargetDependency section */
		4116777C24D4A9DC00F1B1DD /* PBXTargetDependency */ = {
			isa = PBXTargetDependency;
			target = 4116776324D4A9D700F1B1DD /* RickAndMorty */;
			targetProxy = 4116777B24D4A9DC00F1B1DD /* PBXContainerItemProxy */;
		};
/* End PBXTargetDependency section */

/* Begin PBXVariantGroup section */
		4116776D24D4A9D700F1B1DD /* Main.storyboard */ = {
			isa = PBXVariantGroup;
			children = (
				4116776E24D4A9D700F1B1DD /* Base */,
			);
			name = Main.storyboard;
			sourceTree = "<group>";
		};
		4116777224D4A9DB00F1B1DD /* LaunchScreen.storyboard */ = {
			isa = PBXVariantGroup;
			children = (
				4116777324D4A9DB00F1B1DD /* Base */,
			);
			name = LaunchScreen.storyboard;
			sourceTree = "<group>";
		};
/* End PBXVariantGroup section */

/* Begin XCBuildConfiguration section */
		4116778124D4A9DC00F1B1DD /* Debug */ = {
			isa = XCBuildConfiguration;
			buildSettings = {
				ALWAYS_SEARCH_USER_PATHS = NO;
				CLANG_ANALYZER_NONNULL = YES;
				CLANG_ANALYZER_NUMBER_OBJECT_CONVERSION = YES_AGGRESSIVE;
				CLANG_CXX_LANGUAGE_STANDARD = "gnu++14";
				CLANG_CXX_LIBRARY = "libc++";
				CLANG_ENABLE_MODULES = YES;
				CLANG_ENABLE_OBJC_ARC = YES;
				CLANG_ENABLE_OBJC_WEAK = YES;
				CLANG_WARN_BLOCK_CAPTURE_AUTORELEASING = YES;
				CLANG_WARN_BOOL_CONVERSION = YES;
				CLANG_WARN_COMMA = YES;
				CLANG_WARN_CONSTANT_CONVERSION = YES;
				CLANG_WARN_DEPRECATED_OBJC_IMPLEMENTATIONS = YES;
				CLANG_WARN_DIRECT_OBJC_ISA_USAGE = YES_ERROR;
				CLANG_WARN_DOCUMENTATION_COMMENTS = YES;
				CLANG_WARN_EMPTY_BODY = YES;
				CLANG_WARN_ENUM_CONVERSION = YES;
				CLANG_WARN_INFINITE_RECURSION = YES;
				CLANG_WARN_INT_CONVERSION = YES;
				CLANG_WARN_NON_LITERAL_NULL_CONVERSION = YES;
				CLANG_WARN_OBJC_IMPLICIT_RETAIN_SELF = YES;
				CLANG_WARN_OBJC_LITERAL_CONVERSION = YES;
				CLANG_WARN_OBJC_ROOT_CLASS = YES_ERROR;
				CLANG_WARN_RANGE_LOOP_ANALYSIS = YES;
				CLANG_WARN_STRICT_PROTOTYPES = YES;
				CLANG_WARN_SUSPICIOUS_MOVE = YES;
				CLANG_WARN_UNGUARDED_AVAILABILITY = YES_AGGRESSIVE;
				CLANG_WARN_UNREACHABLE_CODE = YES;
				CLANG_WARN__DUPLICATE_METHOD_MATCH = YES;
				COPY_PHASE_STRIP = NO;
				DEBUG_INFORMATION_FORMAT = dwarf;
				ENABLE_STRICT_OBJC_MSGSEND = YES;
				ENABLE_TESTABILITY = YES;
				GCC_C_LANGUAGE_STANDARD = gnu11;
				GCC_DYNAMIC_NO_PIC = NO;
				GCC_NO_COMMON_BLOCKS = YES;
				GCC_OPTIMIZATION_LEVEL = 0;
				GCC_PREPROCESSOR_DEFINITIONS = (
					"DEBUG=1",
					"$(inherited)",
				);
				GCC_WARN_64_TO_32_BIT_CONVERSION = YES;
				GCC_WARN_ABOUT_RETURN_TYPE = YES_ERROR;
				GCC_WARN_UNDECLARED_SELECTOR = YES;
				GCC_WARN_UNINITIALIZED_AUTOS = YES_AGGRESSIVE;
				GCC_WARN_UNUSED_FUNCTION = YES;
				GCC_WARN_UNUSED_VARIABLE = YES;
				IPHONEOS_DEPLOYMENT_TARGET = 13.5;
				MTL_ENABLE_DEBUG_INFO = INCLUDE_SOURCE;
				MTL_FAST_MATH = YES;
				ONLY_ACTIVE_ARCH = YES;
				SDKROOT = iphoneos;
				SWIFT_ACTIVE_COMPILATION_CONDITIONS = DEBUG;
				SWIFT_OPTIMIZATION_LEVEL = "-Onone";
			};
			name = Debug;
		};
		4116778224D4A9DC00F1B1DD /* Release */ = {
			isa = XCBuildConfiguration;
			buildSettings = {
				ALWAYS_SEARCH_USER_PATHS = NO;
				CLANG_ANALYZER_NONNULL = YES;
				CLANG_ANALYZER_NUMBER_OBJECT_CONVERSION = YES_AGGRESSIVE;
				CLANG_CXX_LANGUAGE_STANDARD = "gnu++14";
				CLANG_CXX_LIBRARY = "libc++";
				CLANG_ENABLE_MODULES = YES;
				CLANG_ENABLE_OBJC_ARC = YES;
				CLANG_ENABLE_OBJC_WEAK = YES;
				CLANG_WARN_BLOCK_CAPTURE_AUTORELEASING = YES;
				CLANG_WARN_BOOL_CONVERSION = YES;
				CLANG_WARN_COMMA = YES;
				CLANG_WARN_CONSTANT_CONVERSION = YES;
				CLANG_WARN_DEPRECATED_OBJC_IMPLEMENTATIONS = YES;
				CLANG_WARN_DIRECT_OBJC_ISA_USAGE = YES_ERROR;
				CLANG_WARN_DOCUMENTATION_COMMENTS = YES;
				CLANG_WARN_EMPTY_BODY = YES;
				CLANG_WARN_ENUM_CONVERSION = YES;
				CLANG_WARN_INFINITE_RECURSION = YES;
				CLANG_WARN_INT_CONVERSION = YES;
				CLANG_WARN_NON_LITERAL_NULL_CONVERSION = YES;
				CLANG_WARN_OBJC_IMPLICIT_RETAIN_SELF = YES;
				CLANG_WARN_OBJC_LITERAL_CONVERSION = YES;
				CLANG_WARN_OBJC_ROOT_CLASS = YES_ERROR;
				CLANG_WARN_RANGE_LOOP_ANALYSIS = YES;
				CLANG_WARN_STRICT_PROTOTYPES = YES;
				CLANG_WARN_SUSPICIOUS_MOVE = YES;
				CLANG_WARN_UNGUARDED_AVAILABILITY = YES_AGGRESSIVE;
				CLANG_WARN_UNREACHABLE_CODE = YES;
				CLANG_WARN__DUPLICATE_METHOD_MATCH = YES;
				COPY_PHASE_STRIP = NO;
				DEBUG_INFORMATION_FORMAT = "dwarf-with-dsym";
				ENABLE_NS_ASSERTIONS = NO;
				ENABLE_STRICT_OBJC_MSGSEND = YES;
				GCC_C_LANGUAGE_STANDARD = gnu11;
				GCC_NO_COMMON_BLOCKS = YES;
				GCC_WARN_64_TO_32_BIT_CONVERSION = YES;
				GCC_WARN_ABOUT_RETURN_TYPE = YES_ERROR;
				GCC_WARN_UNDECLARED_SELECTOR = YES;
				GCC_WARN_UNINITIALIZED_AUTOS = YES_AGGRESSIVE;
				GCC_WARN_UNUSED_FUNCTION = YES;
				GCC_WARN_UNUSED_VARIABLE = YES;
				IPHONEOS_DEPLOYMENT_TARGET = 13.5;
				MTL_ENABLE_DEBUG_INFO = NO;
				MTL_FAST_MATH = YES;
				SDKROOT = iphoneos;
				SWIFT_COMPILATION_MODE = wholemodule;
				SWIFT_OPTIMIZATION_LEVEL = "-O";
				VALIDATE_PRODUCT = YES;
			};
			name = Release;
		};
		4116778424D4A9DC00F1B1DD /* Debug */ = {
			isa = XCBuildConfiguration;
			buildSettings = {
				ASSETCATALOG_COMPILER_APPICON_NAME = AppIcon;
				CODE_SIGN_STYLE = Automatic;
				DEVELOPMENT_TEAM = TUM37F2NNC;
				INFOPLIST_FILE = RickAndMorty/Info.plist;
				IPHONEOS_DEPLOYMENT_TARGET = 13.5;
				LD_RUNPATH_SEARCH_PATHS = (
					"$(inherited)",
					"@executable_path/Frameworks",
				);
				PRODUCT_BUNDLE_IDENTIFIER = Natalia.RickAndMorty;
				PRODUCT_NAME = "$(TARGET_NAME)";
				SWIFT_VERSION = 5.0;
				TARGETED_DEVICE_FAMILY = "1,2";
			};
			name = Debug;
		};
		4116778524D4A9DC00F1B1DD /* Release */ = {
			isa = XCBuildConfiguration;
			buildSettings = {
				ASSETCATALOG_COMPILER_APPICON_NAME = AppIcon;
				CODE_SIGN_STYLE = Automatic;
				DEVELOPMENT_TEAM = TUM37F2NNC;
				INFOPLIST_FILE = RickAndMorty/Info.plist;
				IPHONEOS_DEPLOYMENT_TARGET = 13.5;
				LD_RUNPATH_SEARCH_PATHS = (
					"$(inherited)",
					"@executable_path/Frameworks",
				);
				PRODUCT_BUNDLE_IDENTIFIER = Natalia.RickAndMorty;
				PRODUCT_NAME = "$(TARGET_NAME)";
				SWIFT_VERSION = 5.0;
				TARGETED_DEVICE_FAMILY = "1,2";
			};
			name = Release;
		};
		4116778724D4A9DC00F1B1DD /* Debug */ = {
			isa = XCBuildConfiguration;
			buildSettings = {
				ALWAYS_EMBED_SWIFT_STANDARD_LIBRARIES = YES;
				BUNDLE_LOADER = "$(TEST_HOST)";
				CODE_SIGN_STYLE = Automatic;
				DEVELOPMENT_TEAM = TUM37F2NNC;
				INFOPLIST_FILE = RickAndMortyTests/Info.plist;
				IPHONEOS_DEPLOYMENT_TARGET = 13.5;
				LD_RUNPATH_SEARCH_PATHS = (
					"$(inherited)",
					"@executable_path/Frameworks",
					"@loader_path/Frameworks",
				);
				PRODUCT_BUNDLE_IDENTIFIER = Natalia.RickAndMortyTests;
				PRODUCT_NAME = "$(TARGET_NAME)";
				SWIFT_VERSION = 5.0;
				TARGETED_DEVICE_FAMILY = "1,2";
				TEST_HOST = "$(BUILT_PRODUCTS_DIR)/RickAndMorty.app/RickAndMorty";
			};
			name = Debug;
		};
		4116778824D4A9DC00F1B1DD /* Release */ = {
			isa = XCBuildConfiguration;
			buildSettings = {
				ALWAYS_EMBED_SWIFT_STANDARD_LIBRARIES = YES;
				BUNDLE_LOADER = "$(TEST_HOST)";
				CODE_SIGN_STYLE = Automatic;
				DEVELOPMENT_TEAM = TUM37F2NNC;
				INFOPLIST_FILE = RickAndMortyTests/Info.plist;
				IPHONEOS_DEPLOYMENT_TARGET = 13.5;
				LD_RUNPATH_SEARCH_PATHS = (
					"$(inherited)",
					"@executable_path/Frameworks",
					"@loader_path/Frameworks",
				);
				PRODUCT_BUNDLE_IDENTIFIER = Natalia.RickAndMortyTests;
				PRODUCT_NAME = "$(TARGET_NAME)";
				SWIFT_VERSION = 5.0;
				TARGETED_DEVICE_FAMILY = "1,2";
				TEST_HOST = "$(BUILT_PRODUCTS_DIR)/RickAndMorty.app/RickAndMorty";
			};
			name = Release;
		};
/* End XCBuildConfiguration section */

/* Begin XCConfigurationList section */
		4116775F24D4A9D600F1B1DD /* Build configuration list for PBXProject "RickAndMorty" */ = {
			isa = XCConfigurationList;
			buildConfigurations = (
				4116778124D4A9DC00F1B1DD /* Debug */,
				4116778224D4A9DC00F1B1DD /* Release */,
			);
			defaultConfigurationIsVisible = 0;
			defaultConfigurationName = Release;
		};
		4116778324D4A9DC00F1B1DD /* Build configuration list for PBXNativeTarget "RickAndMorty" */ = {
			isa = XCConfigurationList;
			buildConfigurations = (
				4116778424D4A9DC00F1B1DD /* Debug */,
				4116778524D4A9DC00F1B1DD /* Release */,
			);
			defaultConfigurationIsVisible = 0;
			defaultConfigurationName = Release;
		};
		4116778624D4A9DC00F1B1DD /* Build configuration list for PBXNativeTarget "RickAndMortyTests" */ = {
			isa = XCConfigurationList;
			buildConfigurations = (
				4116778724D4A9DC00F1B1DD /* Debug */,
				4116778824D4A9DC00F1B1DD /* Release */,
			);
			defaultConfigurationIsVisible = 0;
			defaultConfigurationName = Release;
		};
/* End XCConfigurationList section */
	};
	rootObject = 4116775C24D4A9D600F1B1DD /* Project object */;
}
